
Microsoft Visual Studio Solution File, Format Version 12.00
# Visual Studio Version 16
VisualStudioVersion = 16.0.33214.272
MinimumVisualStudioVersion = 10.0.40219.1
Project("{FAE04EC0-301F-11D3-BF4B-00C04F79EFBC}") = "Project1", "Project1\Project1.csproj", "{1E9910C0-2A88-44D7-A8C2-9A712E0F51FB}"
EndProject
Global
	GlobalSection(SolutionConfigurationPlatforms) = preSolution
		Debug|Any CPU = Debug|Any CPU
		Release|Any CPU = Release|Any CPU
	EndGlobalSection
	GlobalSection(ProjectConfigurationPlatforms) = postSolution
		{1E9910C0-2A88-44D7-A8C2-9A712E0F51FB}.Debug|Any CPU.ActiveCfg = Debug|Any CPU
		{1E9910C0-2A88-44D7-A8C2-9A712E0F51FB}.Debug|Any CPU.Build.0 = Debug|Any CPU
		{1E9910C0-2A88-44D7-A8C2-9A712E0F51FB}.Release|Any CPU.ActiveCfg = Release|Any CPU
		{1E9910C0-2A88-44D7-A8C2-9A712E0F51FB}.Release|Any CPU.Build.0 = Release|Any CPU
	EndGlobalSection
	GlobalSection(SolutionProperties) = preSolution
		HideSolutionNode = FALSE
	EndGlobalSection
	GlobalSection(ExtensibilityGlobals) = postSolution
		SolutionGuid = {74F0488C-8A5F-4EBF-9CEE-14C9B2DE4177}
	EndGlobalSection
EndGlobal
